dependencies:
- name: mysql-innodbcluster
  repository: https://mysql.github.io/mysql-operator/
  version: 2.0.12
- name: elasticsearch
  repository: https://helm.elastic.co
  version: 7.17.3
- name: rabbitmq
  repository: https://charts.bitnami.com/bitnami
  version: 11.1.1
digest: sha256:786ead0c3a677803bdd0e51b3756f2be32da18b80bb45cfba6658b964cc43336
generated: "2023-10-30T13:47:16.447745529+09:00"
